// !$*UTF8*$!
{
	archiveVersion = 1;
	classes = {
	};
	objectVersion = 46;
	objects = {

/* Begin PBXBuildFile section */
		863D01DB1EFEBF0E008DD56F /* AppDelegate.swift in Sources */ = {isa = PBXBuildFile; fileRef = 863D01DA1EFEBF0E008DD56F /* AppDelegate.swift */; };
		863D01DD1EFEBF0E008DD56F /* ViewController.swift in Sources */ = {isa = PBXBuildFile; fileRef = 863D01DC1EFEBF0E008DD56F /* ViewController.swift */; };
		863D01E01EFEBF0E008DD56F /* Main.storyboard in Resources */ = {isa = PBXBuildFile; fileRef = 863D01DE1EFEBF0E008DD56F /* Main.storyboard */; };
		863D01E21EFEBF0E008DD56F /* Assets.xcassets in Resources */ = {isa = PBXBuildFile; fileRef = 863D01E11EFEBF0E008DD56F /* Assets.xcassets */; };
		863D01E51EFEBF0E008DD56F /* LaunchScreen.storyboard in Resources */ = {isa = PBXBuildFile; fileRef = 863D01E31EFEBF0E008DD56F /* LaunchScreen.storyboard */; };
		99A1C65B5F6069E194987027 /* Pods_PodsRealm.framework in Frameworks */ = {isa = PBXBuildFile; fileRef = 786820ADC5F505FF57BDCBDC /* Pods_PodsRealm.framework */; };
/* End PBXBuildFile section */

/* Begin PBXFileReference section */
		786820ADC5F505FF57BDCBDC /* Pods_PodsRealm.framework */ = {isa = PBXFileReference; explicitFileType = wrapper.framework; includeInIndex = 0; path = Pods_PodsRealm.framework; sourceTree = BUILT_PRODUCTS_DIR; };
		863D01D71EFEBF0E008DD56F /* PodsRealm.app */ = {isa = PBXFileReference; explicitFileType = wrapper.application; includeInIndex = 0; path = PodsRealm.app; sourceTree = BUILT_PRODUCTS_DIR; };
		863D01DA1EFEBF0E008DD56F /* AppDelegate.swift */ = {isa = PBXFileReference; lastKnownFileType = sourcecode.swift; path = AppDelegate.swift; sourceTree = "<group>"; };
		863D01DC1EFEBF0E008DD56F /* ViewController.swift */ = {isa = PBXFileReference; lastKnownFileType = sourcecode.swift; path = ViewController.swift; sourceTree = "<group>"; };
		863D01DF1EFEBF0E008DD56F /* Base */ = {isa = PBXFileReference; lastKnownFileType = file.storyboard; name = Base; path = Base.lproj/Main.storyboard; sourceTree = "<group>"; };
		863D01E11EFEBF0E008DD56F /* Assets.xcassets */ = {isa = PBXFileReference; lastKnownFileType = folder.assetcatalog; path = Assets.xcassets; sourceTree = "<group>"; };
		863D01E41EFEBF0E008DD56F /* Base */ = {isa = PBXFileReference; lastKnownFileType = file.storyboard; name = Base; path = Base.lproj/LaunchScreen.storyboard; sourceTree = "<group>"; };
		863D01E61EFEBF0E008DD56F /* Info.plist */ = {isa = PBXFileReference; lastKnownFileType = text.plist.xml; path = Info.plist; sourceTree = "<group>"; };
		A46C7640B17B30116434B544 /* Pods-PodsRealm.release.xcconfig */ = {isa = PBXFileReference; includeInIndex = 1; lastKnownFileType = text.xcconfig; name = "Pods-PodsRealm.release.xcconfig"; path = "Pods/Target Support Files/Pods-PodsRealm/Pods-PodsRealm.release.xcconfig"; sourceTree = "<group>"; };
		C0CD9D975D4B24E44E8CD97F /* Pods-PodsRealm.debug.xcconfig */ = {isa = PBXFileReference; includeInIndex = 1; lastKnownFileType = text.xcconfig; name = "Pods-PodsRealm.debug.xcconfig"; path = "Pods/Target Support Files/Pods-PodsRealm/Pods-PodsRealm.debug.xcconfig"; sourceTree = "<group>"; };
/* End PBXFileReference section */

/* Begin PBXFrameworksBuildPhase section */
		863D01D41EFEBF0E008DD56F /* Frameworks */ = {
			isa = PBXFrameworksBuildPhase;
			buildActionMask = 2147483647;
			files = (
				99A1C65B5F6069E194987027 /* Pods_PodsRealm.framework in Frameworks */,
			);
			runOnlyForDeploymentPostprocessing = 0;
		};
/* End PBXFrameworksBuildPhase section */

/* Begin PBXGroup section */
		84179814C60F7FF47431A5F5 /* Pods */ = {
			isa = PBXGroup;
			children = (
				C0CD9D975D4B24E44E8CD97F /* Pods-PodsRealm.debug.xcconfig */,
				A46C7640B17B30116434B544 /* Pods-PodsRealm.release.xcconfig */,
			);
			name = Pods;
			sourceTree = "<group>";
		};
		863D01CE1EFEBF0E008DD56F = {
			isa = PBXGroup;
			children = (
				863D01D91EFEBF0E008DD56F /* PodsRealm */,
				863D01D81EFEBF0E008DD56F /* Products */,
				84179814C60F7FF47431A5F5 /* Pods */,
				FA79340FE85B331E2ADD0D6E /* Frameworks */,
			);
			sourceTree = "<group>";
		};
		863D01D81EFEBF0E008DD56F /* Products */ = {
			isa = PBXGroup;
			children = (
				863D01D71EFEBF0E008DD56F /* PodsRealm.app */,
			);
			name = Products;
			sourceTree = "<group>";
		};
		863D01D91EFEBF0E008DD56F /* PodsRealm */ = {
			isa = PBXGroup;
			children = (
				863D01DA1EFEBF0E008DD56F /* AppDelegate.swift */,
				863D01DC1EFEBF0E008DD56F /* ViewController.swift */,
				863D01DE1EFEBF0E008DD56F /* Main.storyboard */,
				863D01E11EFEBF0E008DD56F /* Assets.xcassets */,
				863D01E31EFEBF0E008DD56F /* LaunchScreen.storyboard */,
				863D01E61EFEBF0E008DD56F /* Info.plist */,
			);
			path = PodsRealm;
			sourceTree = "<group>";
		};
		FA79340FE85B331E2ADD0D6E /* Frameworks */ = {
			isa = PBXGroup;
			children = (
				786820ADC5F505FF57BDCBDC /* Pods_PodsRealm.framework */,
			);
			name = Frameworks;
			sourceTree = "<group>";
		};
/* End PBXGroup section */

/* Begin PBXNativeTarget section */
		863D01D61EFEBF0E008DD56F /* PodsRealm */ = {
			isa = PBXNativeTarget;
			buildConfigurationList = 863D01E91EFEBF0E008DD56F /* Build configuration list for PBXNativeTarget "PodsRealm" */;
			buildPhases = (
				77600EE937604F5E93FFF24D /* [CP] Check Pods Manifest.lock */,
				863D01D31EFEBF0E008DD56F /* Sources */,
				863D01D41EFEBF0E008DD56F /* Frameworks */,
				863D01D51EFEBF0E008DD56F /* Resources */,
				C66CA373FA3BEBAA4E69811D /* [CP] Embed Pods Frameworks */,
				2E4BFF07030931DEF3885C1D /* [CP] Copy Pods Resources */,
			);
			buildRules = (
			);
			dependencies = (
			);
			name = PodsRealm;
			productName = PodsRealm;
			productReference = 863D01D71EFEBF0E008DD56F /* PodsRealm.app */;
			productType = "com.apple.product-type.application";
		};
/* End PBXNativeTarget section */

/* Begin PBXProject section */
		863D01CF1EFEBF0E008DD56F /* Project object */ = {
			isa = PBXProject;
			attributes = {
				LastSwiftUpdateCheck = 0830;
				LastUpgradeCheck = 0830;
				ORGANIZATIONNAME = TakkuMattsu;
				TargetAttributes = {
					863D01D61EFEBF0E008DD56F = {
						CreatedOnToolsVersion = 8.3.3;
						ProvisioningStyle = Automatic;
					};
				};
			};
			buildConfigurationList = 863D01D21EFEBF0E008DD56F /* Build configuration list for PBXProject "PodsRealm" */;
			compatibilityVersion = "Xcode 3.2";
			developmentRegion = English;
			hasScannedForEncodings = 0;
			knownRegions = (
				en,
				Base,
			);
			mainGroup = 863D01CE1EFEBF0E008DD56F;
			productRefGroup = 863D01D81EFEBF0E008DD56F /* Products */;
			projectDirPath = "";
			projectRoot = "";
			targets = (
				863D01D61EFEBF0E008DD56F /* PodsRealm */,
			);
		};
/* End PBXProject section */

/* Begin PBXResourcesBuildPhase section */
		863D01D51EFEBF0E008DD56F /* Resources */ = {
			isa = PBXResourcesBuildPhase;
			buildActionMask = 2147483647;
			files = (
				863D01E51EFEBF0E008DD56F /* LaunchScreen.storyboard in Resources */,
				863D01E21EFEBF0E008DD56F /* Assets.xcassets in Resources */,
				863D01E01EFEBF0E008DD56F /* Main.storyboard in Resources */,
			);
			runOnlyForDeploymentPostprocessing = 0;
		};
/* End PBXResourcesBuildPhase section */

/* Begin PBXShellScriptBuildPhase section */
		2E4BFF07030931DEF3885C1D /* [CP] Copy Pods Resources */ = {
			isa = PBXShellScriptBuildPhase;
			buildActionMask = 2147483647;
			files = (
			);
			inputPaths = (
			);
			name = "[CP] Copy Pods Resources";
			outputPaths = (
			);
			runOnlyForDeploymentPostprocessing = 0;
			shellPath = /bin/sh;
			shellScript = "\"${SRCROOT}/Pods/Target Support Files/Pods-PodsRealm/Pods-PodsRealm-resources.sh\"\n";
			showEnvVarsInLog = 0;
		};
		77600EE937604F5E93FFF24D /* [CP] Check Pods Manifest.lock */ = {
			isa = PBXShellScriptBuildPhase;
			buildActionMask = 2147483647;
			files = (
			);
			inputPaths = (
			);
			name = "[CP] Check Pods Manifest.lock";
			outputPaths = (
			);
			runOnlyForDeploymentPostprocessing = 0;
			shellPath = /bin/sh;
			shellScript = "diff \"${PODS_PODFILE_DIR_PATH}/Podfile.lock\" \"${PODS_ROOT}/Manifest.lock\" > /dev/null\nif [ $? != 0 ] ; then\n    # print error to STDERR\n    echo \"error: The sandbox is not in sync with the Podfile.lock. Run 'pod install' or update your CocoaPods installation.\" >&2\n    exit 1\nfi\n";
			showEnvVarsInLog = 0;
		};
		C66CA373FA3BEBAA4E69811D /* [CP] Embed Pods Frameworks */ = {
			isa = PBXShellScriptBuildPhase;
			buildActionMask = 2147483647;
			files = (
			);
			inputPaths = (
			);
			name = "[CP] Embed Pods Frameworks";
			outputPaths = (
			);
			runOnlyForDeploymentPostprocessing = 0;
			shellPath = /bin/sh;
			shellScript = "\"${SRCROOT}/Pods/Target Support Files/Pods-PodsRealm/Pods-PodsRealm-frameworks.sh\"\n";
			showEnvVarsInLog = 0;
		};
/* End PBXShellScriptBuildPhase section */

/* Begin PBXSourcesBuildPhase section */
		863D01D31EFEBF0E008DD56F /* Sources */ = {
			isa = PBXSourcesBuildPhase;
			buildActionMask = 2147483647;
			files = (
				863D01DD1EFEBF0E008DD56F /* ViewController.swift in Sources */,
				863D01DB1EFEBF0E008DD56F /* AppDelegate.swift in Sources */,
			);
			runOnlyForDeploymentPostprocessing = 0;
		};
/* End PBXSourcesBuildPhase section */

/* Begin PBXVariantGroup section */
		863D01DE1EFEBF0E008DD56F /* Main.storyboard */ = {
			isa = PBXVariantGroup;
			children = (
				863D01DF1EFEBF0E008DD56F /* Base */,
			);
			name = Main.storyboard;
			sourceTree = "<group>";
		};
		863D01E31EFEBF0E008DD56F /* LaunchScreen.storyboard */ = {
			isa = PBXVariantGroup;
			children = (
				863D01E41EFEBF0E008DD56F /* Base */,
			);
			name = LaunchScreen.storyboard;
			sourceTree = "<group>";
		};
/* End PBXVariantGroup section */

/* Begin XCBuildConfiguration section */
		863D01E71EFEBF0E008DD56F /* Debug */ = {
			isa = XCBuildConfiguration;
			buildSettings = {
				ALWAYS_SEARCH_USER_PATHS = NO;
				CLANG_ANALYZER_NONNULL = YES;
				CLANG_ANALYZER_NUMBER_OBJECT_CONVERSION = YES_AGGRESSIVE;
				CLANG_CXX_LANGUAGE_STANDARD = "gnu++0x";
				CLANG_CXX_LIBRARY = "libc++";
				CLANG_ENABLE_MODULES = YES;
				CLANG_ENABLE_OBJC_ARC = YES;
				CLANG_WARN_BOOL_CONVERSION = YES;
				CLANG_WARN_CONSTANT_CONVERSION = YES;
				CLANG_WARN_DIRECT_OBJC_ISA_USAGE = YES_ERROR;
				CLANG_WARN_DOCUMENTATION_COMMENTS = YES;
				CLANG_WARN_EMPTY_BODY = YES;
				CLANG_WARN_ENUM_CONVERSION = YES;
				CLANG_WARN_INFINITE_RECURSION = YES;
				CLANG_WARN_INT_CONVERSION = YES;
				CLANG_WARN_OBJC_ROOT_CLASS = YES_ERROR;
				CLANG_WARN_SUSPICIOUS_MOVE = YES;
				CLANG_WARN_UNREACHABLE_CODE = YES;
				CLANG_WARN__DUPLICATE_METHOD_MATCH = YES;
				"CODE_SIGN_IDENTITY[sdk=iphoneos*]" = "iPhone Developer";
				COPY_PHASE_STRIP = NO;
				DEBUG_INFORMATION_FORMAT = dwarf;
				ENABLE_STRICT_OBJC_MSGSEND = YES;
				ENABLE_TESTABILITY = YES;
				GCC_C_LANGUAGE_STANDARD = gnu99;
				GCC_DYNAMIC_NO_PIC = NO;
				GCC_NO_COMMON_BLOCKS = YES;
				GCC_OPTIMIZATION_LEVEL = 0;
				GCC_PREPROCESSOR_DEFINITIONS = (
					"DEBUG=1",
					"$(inherited)",
				);
				GCC_WARN_64_TO_32_BIT_CONVERSION = YES;
				GCC_WARN_ABOUT_RETURN_TYPE = YES_ERROR;
				GCC_WARN_UNDECLARED_SELECTOR = YES;
				GCC_WARN_UNINITIALIZED_AUTOS = YES_AGGRESSIVE;
				GCC_WARN_UNUSED_FUNCTION = YES;
				GCC_WARN_UNUSED_VARIABLE = YES;
				IPHONEOS_DEPLOYMENT_TARGET = 10.3;
				MTL_ENABLE_DEBUG_INFO = YES;
				ONLY_ACTIVE_ARCH = YES;
				SDKROOT = iphoneos;
				SWIFT_ACTIVE_COMPILATION_CONDITIONS = DEBUG;
				SWIFT_OPTIMIZATION_LEVEL = "-Onone";
				TARGETED_DEVICE_FAMILY = "1,2";
			};
			name = Debug;
		};
		863D01E81EFEBF0E008DD56F /* Release */ = {
			isa = XCBuildConfiguration;
			buildSettings = {
				ALWAYS_SEARCH_USER_PATHS = NO;
				CLANG_ANALYZER_NONNULL = YES;
				CLANG_ANALYZER_NUMBER_OBJECT_CONVERSION = YES_AGGRESSIVE;
				CLANG_CXX_LANGUAGE_STANDARD = "gnu++0x";
				CLANG_CXX_LIBRARY = "libc++";
				CLANG_ENABLE_MODULES = YES;
				CLANG_ENABLE_OBJC_ARC = YES;
				CLANG_WARN_BOOL_CONVERSION = YES;
				CLANG_WARN_CONSTANT_CONVERSION = YES;
				CLANG_WARN_DIRECT_OBJC_ISA_USAGE = YES_ERROR;
				CLANG_WARN_DOCUMENTATION_COMMENTS = YES;
				CLANG_WARN_EMPTY_BODY = YES;
				CLANG_WARN_ENUM_CONVERSION = YES;
				CLANG_WARN_INFINITE_RECURSION = YES;
				CLANG_WARN_INT_CONVERSION = YES;
				CLANG_WARN_OBJC_ROOT_CLASS = YES_ERROR;
				CLANG_WARN_SUSPICIOUS_MOVE = YES;
				CLANG_WARN_UNREACHABLE_CODE = YES;
				CLANG_WARN__DUPLICATE_METHOD_MATCH = YES;
				"CODE_SIGN_IDENTITY[sdk=iphoneos*]" = "iPhone Developer";
				COPY_PHASE_STRIP = NO;
				DEBUG_INFORMATION_FORMAT = "dwarf-with-dsym";
				ENABLE_NS_ASSERTIONS = NO;
				ENABLE_STRICT_OBJC_MSGSEND = YES;
				GCC_C_LANGUAGE_STANDARD = gnu99;
				GCC_NO_COMMON_BLOCKS = YES;
				GCC_WARN_64_TO_32_BIT_CONVERSION = YES;
				GCC_WARN_ABOUT_RETURN_TYPE = YES_ERROR;
				GCC_WARN_UNDECLARED_SELECTOR = YES;
				GCC_WARN_UNINITIALIZED_AUTOS = YES_AGGRESSIVE;
				GCC_WARN_UNUSED_FUNCTION = YES;
				GCC_WARN_UNUSED_VARIABLE = YES;
				IPHONEOS_DEPLOYMENT_TARGET = 10.3;
				MTL_ENABLE_DEBUG_INFO = NO;
				SDKROOT = iphoneos;
				SWIFT_OPTIMIZATION_LEVEL = "-Owholemodule";
				TARGETED_DEVICE_FAMILY = "1,2";
				VALIDATE_PRODUCT = YES;
			};
			name = Release;
		};
		863D01EA1EFEBF0E008DD56F /* Debug */ = {
			isa = XCBuildConfiguration;
			baseConfigurationReference = C0CD9D975D4B24E44E8CD97F /* Pods-PodsRealm.debug.xcconfig */;
			buildSettings = {
				ASSETCATALOG_COMPILER_APPICON_NAME = AppIcon;
				INFOPLIST_FILE = PodsRealm/Info.plist;
				LD_RUNPATH_SEARCH_PATHS = "$(inherited) @executable_path/Frameworks";
				PRODUCT_BUNDLE_IDENTIFIER = TakkuMattsu.PodsRealm;
				PRODUCT_NAME = "$(TARGET_NAME)";
				SWIFT_VERSION = 3.0;
			};
			name = Debug;
		};
		863D01EB1EFEBF0E008DD56F /* Release */ = {
			isa = XCBuildConfiguration;
			baseConfigurationReference = A46C7640B17B30116434B544 /* Pods-PodsRealm.release.xcconfig */;
			buildSettings = {
				ASSETCATALOG_COMPILER_APPICON_NAME = AppIcon;
				INFOPLIST_FILE = PodsRealm/Info.plist;
				LD_RUNPATH_SEARCH_PATHS = "$(inherited) @executable_path/Frameworks";
				PRODUCT_BUNDLE_IDENTIFIER = TakkuMattsu.PodsRealm;
				PRODUCT_NAME = "$(TARGET_NAME)";
				SWIFT_VERSION = 3.0;
			};
			name = Release;
		};
/* End XCBuildConfiguration section */

/* Begin XCConfigurationList section */
		863D01D21EFEBF0E008DD56F /* Build configuration list for PBXProject "PodsRealm" */ = {
			isa = XCConfigurationList;
			buildConfigurations = (
				863D01E71EFEBF0E008DD56F /* Debug */,
				863D01E81EFEBF0E008DD56F /* Release */,
			);
			defaultConfigurationIsVisible = 0;
			defaultConfigurationName = Release;
		};
		863D01E91EFEBF0E008DD56F /* Build configuration list for PBXNativeTarget "PodsRealm" */ = {
			isa = XCConfigurationList;
			buildConfigurations = (
				863D01EA1EFEBF0E008DD56F /* Debug */,
				863D01EB1EFEBF0E008DD56F /* Release */,
			);
			defaultConfigurationIsVisible = 0;
		};
/* End XCConfigurationList section */
	};
	rootObject = 863D01CF1EFEBF0E008DD56F /* Project object */;
}
